
Microsoft Visual Studio Solution File, Format Version 12.00
# Visual Studio 14
VisualStudioVersion = 14.0.25420.1
MinimumVisualStudioVersion = 10.0.40219.1
Project("{FAE04EC0-301F-11D3-BF4B-00C04F79EFBC}") = "EADMiniProject", "EADMiniProject\EADMiniProject.csproj", "{C4D41B63-FDA5-480F-8ED3-CA204C38D17C}"
EndProject
Project("{FAE04EC0-301F-11D3-BF4B-00C04F79EFBC}") = "EADMiniProjectTest", "EADMiniProjectTest\EADMiniProjectTest.csproj", "{BEA3E988-01DD-4C99-8DDC-FA293682ED20}"
EndProject
Global
	GlobalSection(SolutionConfigurationPlatforms) = preSolution
		Debug|Any CPU = Debug|Any CPU
		Release|Any CPU = Release|Any CPU
	EndGlobalSection
	GlobalSection(ProjectConfigurationPlatforms) = postSolution
		{C4D41B63-FDA5-480F-8ED3-CA204C38D17C}.Debug|Any CPU.ActiveCfg = Debug|Any CPU
		{C4D41B63-FDA5-480F-8ED3-CA204C38D17C}.Debug|Any CPU.Build.0 = Debug|Any CPU
		{C4D41B63-FDA5-480F-8ED3-CA204C38D17C}.Release|Any CPU.ActiveCfg = Release|Any CPU
		{C4D41B63-FDA5-480F-8ED3-CA204C38D17C}.Release|Any CPU.Build.0 = Release|Any CPU
		{BEA3E988-01DD-4C99-8DDC-FA293682ED20}.Debug|Any CPU.ActiveCfg = Debug|Any CPU
		{BEA3E988-01DD-4C99-8DDC-FA293682ED20}.Debug|Any CPU.Build.0 = Debug|Any CPU
		{BEA3E988-01DD-4C99-8DDC-FA293682ED20}.Release|Any CPU.ActiveCfg = Release|Any CPU
		{BEA3E988-01DD-4C99-8DDC-FA293682ED20}.Release|Any CPU.Build.0 = Release|Any CPU
	EndGlobalSection
	GlobalSection(SolutionProperties) = preSolution
		HideSolutionNode = FALSE
	EndGlobalSection
EndGlobal
